
Microsoft Visual Studio Solution File, Format Version 12.00
# Visual Studio 2012
Project("{FAE04EC0-301F-11D3-BF4B-00C04F79EFBC}") = "AppExtensions", "AppExtensions\AppExtensions.csproj", "{90260903-BDAE-46AE-850A-CC38E1F4AA46}"
EndProject
Global
	GlobalSection(SolutionConfigurationPlatforms) = preSolution
		Debug|Any CPU = Debug|Any CPU
		Release|Any CPU = Release|Any CPU
	EndGlobalSection
	GlobalSection(ProjectConfigurationPlatforms) = postSolution
		{90260903-BDAE-46AE-850A-CC38E1F4AA46}.Debug|Any CPU.ActiveCfg = Debug|Any CPU
		{90260903-BDAE-46AE-850A-CC38E1F4AA46}.Debug|Any CPU.Build.0 = Debug|Any CPU
		{90260903-BDAE-46AE-850A-CC38E1F4AA46}.Release|Any CPU.ActiveCfg = Release|Any CPU
		{90260903-BDAE-46AE-850A-CC38E1F4AA46}.Release|Any CPU.Build.0 = Release|Any CPU
	EndGlobalSection
	GlobalSection(SolutionProperties) = preSolution
		HideSolutionNode = FALSE
	EndGlobalSection
EndGlobal
